
Microsoft Visual Studio Solution File, Format Version 12.00
# Visual Studio Version 17
VisualStudioVersion = 17.11.35219.272
MinimumVisualStudioVersion = 10.0.40219.1
Project("{FAE04EC0-301F-11D3-BF4B-00C04F79EFBC}") = "Burbuja", "Burbuja\Burbuja.csproj", "{F24225FC-2635-4957-96A4-C790581A9A31}"
EndProject
Project("{FAE04EC0-301F-11D3-BF4B-00C04F79EFBC}") = "Registro", "Registro\Registro.csproj", "{985E5ECC-9396-43CF-BFA2-14192DAEE98E}"
EndProject
Global
	GlobalSection(SolutionConfigurationPlatforms) = preSolution
		Debug|Any CPU = Debug|Any CPU
		Release|Any CPU = Release|Any CPU
	EndGlobalSection
	GlobalSection(ProjectConfigurationPlatforms) = postSolution
		{F24225FC-2635-4957-96A4-C790581A9A31}.Debug|Any CPU.ActiveCfg = Debug|Any CPU
		{F24225FC-2635-4957-96A4-C790581A9A31}.Debug|Any CPU.Build.0 = Debug|Any CPU
		{F24225FC-2635-4957-96A4-C790581A9A31}.Release|Any CPU.ActiveCfg = Release|Any CPU
		{F24225FC-2635-4957-96A4-C790581A9A31}.Release|Any CPU.Build.0 = Release|Any CPU
		{985E5ECC-9396-43CF-BFA2-14192DAEE98E}.Debug|Any CPU.ActiveCfg = Debug|Any CPU
		{985E5ECC-9396-43CF-BFA2-14192DAEE98E}.Debug|Any CPU.Build.0 = Debug|Any CPU
		{985E5ECC-9396-43CF-BFA2-14192DAEE98E}.Release|Any CPU.ActiveCfg = Release|Any CPU
		{985E5ECC-9396-43CF-BFA2-14192DAEE98E}.Release|Any CPU.Build.0 = Release|Any CPU
	EndGlobalSection
	GlobalSection(SolutionProperties) = preSolution
		HideSolutionNode = FALSE
	EndGlobalSection
	GlobalSection(ExtensibilityGlobals) = postSolution
		SolutionGuid = {62C5CE4F-5A49-4C59-865D-8F8A156E1226}
	EndGlobalSection
EndGlobal
